{
  "sha": "027c88b9ee066b68913771f7650eb7fe4aa841be",
  "sources": {
    "apt": {
      "locked_version": "1.7.0"
    },
    "postgresql": {
      "locked_version": "0.10.1",
      "git": "git://github.com/phlipper/chef-postgresql.git",
      "ref": "ff499fcff50c1113f74cc32352ebfbede93a06cc"
    }
  }
}
